
Microsoft Visual Studio Solution File, Format Version 12.00
# Visual Studio Version 16
VisualStudioVersion = 16.0.810.25
MinimumVisualStudioVersion = 10.0.40219.1
Project("{FAE04EC0-301F-11D3-BF4B-00C04F79EFBC}") = "ML", "ML\ML.csproj", "{5445B561-A9A5-4FAE-8D96-3B88CE4346A3}"
EndProject
Global
	GlobalSection(SolutionConfigurationPlatforms) = preSolution
		Debug|Any CPU = Debug|Any CPU
		Release|Any CPU = Release|Any CPU
	EndGlobalSection
	GlobalSection(ProjectConfigurationPlatforms) = postSolution
		{5445B561-A9A5-4FAE-8D96-3B88CE4346A3}.Debug|Any CPU.ActiveCfg = Debug|Any CPU
		{5445B561-A9A5-4FAE-8D96-3B88CE4346A3}.Debug|Any CPU.Build.0 = Debug|Any CPU
		{5445B561-A9A5-4FAE-8D96-3B88CE4346A3}.Release|Any CPU.ActiveCfg = Release|Any CPU
		{5445B561-A9A5-4FAE-8D96-3B88CE4346A3}.Release|Any CPU.Build.0 = Release|Any CPU
	EndGlobalSection
	GlobalSection(SolutionProperties) = preSolution
		HideSolutionNode = FALSE
	EndGlobalSection
	GlobalSection(ExtensibilityGlobals) = postSolution
		SolutionGuid = {1FD092C3-E733-413E-B813-877ACD4252CD}
	EndGlobalSection
EndGlobal
